// !$*UTF8*$!
{
	archiveVersion = 1;
	classes = {
	};
	objectVersion = 56;
	objects = {

/* Begin PBXBuildFile section */
		8CA5B3F52CF057040053F635 /* Main.storyboard in Resources */ = {isa = PBXBuildFile; fileRef = 8CA5B3F32CF057040053F635 /* Main.storyboard */; };
		8CF4A0F52CF049130081A76C /* AppDelegate.swift in Sources */ = {isa = PBXBuildFile; fileRef = 8CF4A0F42CF049130081A76C /* AppDelegate.swift */; };
		8CF4A0F72CF049130081A76C /* SceneDelegate.swift in Sources */ = {isa = PBXBuildFile; fileRef = 8CF4A0F62CF049130081A76C /* SceneDelegate.swift */; };
		8CF4A0F92CF049130081A76C /* ViewController.swift in Sources */ = {isa = PBXBuildFile; fileRef = 8CF4A0F82CF049130081A76C /* ViewController.swift */; };
		8CF4A0FE2CF049140081A76C /* Assets.xcassets in Resources */ = {isa = PBXBuildFile; fileRef = 8CF4A0FD2CF049140081A76C /* Assets.xcassets */; };
		8CF4A1012CF049140081A76C /* LaunchScreen.storyboard in Resources */ = {isa = PBXBuildFile; fileRef = 8CF4A0FF2CF049140081A76C /* LaunchScreen.storyboard */; };
		8CF4A10C2CF049140081A76C /* MyFavAppTests.swift in Sources */ = {isa = PBXBuildFile; fileRef = 8CF4A10B2CF049140081A76C /* MyFavAppTests.swift */; };
		8CF4A1162CF049140081A76C /* MyFavAppUITests.swift in Sources */ = {isa = PBXBuildFile; fileRef = 8CF4A1152CF049140081A76C /* MyFavAppUITests.swift */; };
		8CF4A1182CF049140081A76C /* MyFavAppUITestsLaunchTests.swift in Sources */ = {isa = PBXBuildFile; fileRef = 8CF4A1172CF049140081A76C /* MyFavAppUITestsLaunchTests.swift */; };
		8CF4A1272CF04A120081A76C /* StructProtocol.swift in Sources */ = {isa = PBXBuildFile; fileRef = 8CF4A1262CF04A120081A76C /* StructProtocol.swift */; };
		8CF4A1292CF04AC20081A76C /* MyAppTableViewCell.swift in Sources */ = {isa = PBXBuildFile; fileRef = 8CF4A1282CF04AC20081A76C /* MyAppTableViewCell.swift */; };
		8CF4A12D2CF04BD40081A76C /* BookViewController.swift in Sources */ = {isa = PBXBuildFile; fileRef = 8CF4A12C2CF04BD40081A76C /* BookViewController.swift */; };
		8CF4A12F2CF04D360081A76C /* DitailViewController.swift in Sources */ = {isa = PBXBuildFile; fileRef = 8CF4A12E2CF04D360081A76C /* DitailViewController.swift */; };
		8CF4A1312CF050130081A76C /* FilmViewController.swift in Sources */ = {isa = PBXBuildFile; fileRef = 8CF4A1302CF050130081A76C /* FilmViewController.swift */; };
		8CF4A1332CF050CB0081A76C /* MusicViewController.swift in Sources */ = {isa = PBXBuildFile; fileRef = 8CF4A1322CF050CB0081A76C /* MusicViewController.swift */; };
/* End PBXBuildFile section */

/* Begin PBXContainerItemProxy section */
		8CF4A1082CF049140081A76C /* PBXContainerItemProxy */ = {
			isa = PBXContainerItemProxy;
			containerPortal = 8CF4A0E92CF049130081A76C /* Project object */;
			proxyType = 1;
			remoteGlobalIDString = 8CF4A0F02CF049130081A76C;
			remoteInfo = MyFavApp;
		};
		8CF4A1122CF049140081A76C /* PBXContainerItemProxy */ = {
			isa = PBXContainerItemProxy;
			containerPortal = 8CF4A0E92CF049130081A76C /* Project object */;
			proxyType = 1;
			remoteGlobalIDString = 8CF4A0F02CF049130081A76C;
			remoteInfo = MyFavApp;
		};
/* End PBXContainerItemProxy section */

/* Begin PBXFileReference section */
		8CA5B3F42CF057040053F635 /* Base */ = {isa = PBXFileReference; lastKnownFileType = file.storyboard; name = Base; path = Base.lproj/Main.storyboard; sourceTree = "<group>"; };
		8CF4A0F12CF049130081A76C /* MyFavApp.app */ = {isa = PBXFileReference; explicitFileType = wrapper.application; includeInIndex = 0; path = MyFavApp.app; sourceTree = BUILT_PRODUCTS_DIR; };
		8CF4A0F42CF049130081A76C /* AppDelegate.swift */ = {isa = PBXFileReference; lastKnownFileType = sourcecode.swift; path = AppDelegate.swift; sourceTree = "<group>"; };
		8CF4A0F62CF049130081A76C /* SceneDelegate.swift */ = {isa = PBXFileReference; lastKnownFileType = sourcecode.swift; path = SceneDelegate.swift; sourceTree = "<group>"; };
		8CF4A0F82CF049130081A76C /* ViewController.swift */ = {isa = PBXFileReference; lastKnownFileType = sourcecode.swift; path = ViewController.swift; sourceTree = "<group>"; };
		8CF4A0FD2CF049140081A76C /* Assets.xcassets */ = {isa = PBXFileReference; lastKnownFileType = folder.assetcatalog; path = Assets.xcassets; sourceTree = "<group>"; };
		8CF4A1002CF049140081A76C /* Base */ = {isa = PBXFileReference; lastKnownFileType = file.storyboard; name = Base; path = Base.lproj/LaunchScreen.storyboard; sourceTree = "<group>"; };
		8CF4A1022CF049140081A76C /* Info.plist */ = {isa = PBXFileReference; lastKnownFileType = text.plist.xml; path = Info.plist; sourceTree = "<group>"; };
		8CF4A1072CF049140081A76C /* MyFavAppTests.xctest */ = {isa = PBXFileReference; explicitFileType = wrapper.cfbundle; includeInIndex = 0; path = MyFavAppTests.xctest; sourceTree = BUILT_PRODUCTS_DIR; };
		8CF4A10B2CF049140081A76C /* MyFavAppTests.swift */ = {isa = PBXFileReference; lastKnownFileType = sourcecode.swift; path = MyFavAppTests.swift; sourceTree = "<group>"; };
		8CF4A1112CF049140081A76C /* MyFavAppUITests.xctest */ = {isa = PBXFileReference; explicitFileType = wrapper.cfbundle; includeInIndex = 0; path = MyFavAppUITests.xctest; sourceTree = BUILT_PRODUCTS_DIR; };
		8CF4A1152CF049140081A76C /* MyFavAppUITests.swift */ = {isa = PBXFileReference; lastKnownFileType = sourcecode.swift; path = MyFavAppUITests.swift; sourceTree = "<group>"; };
		8CF4A1172CF049140081A76C /* MyFavAppUITestsLaunchTests.swift */ = {isa = PBXFileReference; lastKnownFileType = sourcecode.swift; path = MyFavAppUITestsLaunchTests.swift; sourceTree = "<group>"; };
		8CF4A1262CF04A120081A76C /* StructProtocol.swift */ = {isa = PBXFileReference; lastKnownFileType = sourcecode.swift; path = StructProtocol.swift; sourceTree = "<group>"; };
		8CF4A1282CF04AC20081A76C /* MyAppTableViewCell.swift */ = {isa = PBXFileReference; lastKnownFileType = sourcecode.swift; path = MyAppTableViewCell.swift; sourceTree = "<group>"; };
		8CF4A12C2CF04BD40081A76C /* BookViewController.swift */ = {isa = PBXFileReference; lastKnownFileType = sourcecode.swift; path = BookViewController.swift; sourceTree = "<group>"; };
		8CF4A12E2CF04D360081A76C /* DitailViewController.swift */ = {isa = PBXFileReference; lastKnownFileType = sourcecode.swift; path = DitailViewController.swift; sourceTree = "<group>"; };
		8CF4A1302CF050130081A76C /* FilmViewController.swift */ = {isa = PBXFileReference; lastKnownFileType = sourcecode.swift; path = FilmViewController.swift; sourceTree = "<group>"; };
		8CF4A1322CF050CB0081A76C /* MusicViewController.swift */ = {isa = PBXFileReference; lastKnownFileType = sourcecode.swift; path = MusicViewController.swift; sourceTree = "<group>"; };
/* End PBXFileReference section */

/* Begin PBXFrameworksBuildPhase section */
		8CF4A0EE2CF049130081A76C /* Frameworks */ = {
			isa = PBXFrameworksBuildPhase;
			buildActionMask = 2147483647;
			files = (
			);
			runOnlyForDeploymentPostprocessing = 0;
		};
		8CF4A1042CF049140081A76C /* Frameworks */ = {
			isa = PBXFrameworksBuildPhase;
			buildActionMask = 2147483647;
			files = (
			);
			runOnlyForDeploymentPostprocessing = 0;
		};
		8CF4A10E2CF049140081A76C /* Frameworks */ = {
			isa = PBXFrameworksBuildPhase;
			buildActionMask = 2147483647;
			files = (
			);
			runOnlyForDeploymentPostprocessing = 0;
		};
/* End PBXFrameworksBuildPhase section */

/* Begin PBXGroup section */
		8CF4A0E82CF049130081A76C = {
			isa = PBXGroup;
			children = (
				8CF4A0F32CF049130081A76C /* MyFavApp */,
				8CF4A10A2CF049140081A76C /* MyFavAppTests */,
				8CF4A1142CF049140081A76C /* MyFavAppUITests */,
				8CF4A0F22CF049130081A76C /* Products */,
			);
			sourceTree = "<group>";
		};
		8CF4A0F22CF049130081A76C /* Products */ = {
			isa = PBXGroup;
			children = (
				8CF4A0F12CF049130081A76C /* MyFavApp.app */,
				8CF4A1072CF049140081A76C /* MyFavAppTests.xctest */,
				8CF4A1112CF049140081A76C /* MyFavAppUITests.xctest */,
			);
			name = Products;
			sourceTree = "<group>";
		};
		8CF4A0F32CF049130081A76C /* MyFavApp */ = {
			isa = PBXGroup;
			children = (
				8CF4A0F42CF049130081A76C /* AppDelegate.swift */,
				8CF4A1262CF04A120081A76C /* StructProtocol.swift */,
				8CF4A0F62CF049130081A76C /* SceneDelegate.swift */,
				8CF4A0F82CF049130081A76C /* ViewController.swift */,
				8CA5B3F32CF057040053F635 /* Main.storyboard */,
				8CF4A1282CF04AC20081A76C /* MyAppTableViewCell.swift */,
				8CF4A0FD2CF049140081A76C /* Assets.xcassets */,
				8CF4A0FF2CF049140081A76C /* LaunchScreen.storyboard */,
				8CF4A1022CF049140081A76C /* Info.plist */,
				8CF4A12C2CF04BD40081A76C /* BookViewController.swift */,
				8CF4A1302CF050130081A76C /* FilmViewController.swift */,
				8CF4A1322CF050CB0081A76C /* MusicViewController.swift */,
				8CF4A12E2CF04D360081A76C /* DitailViewController.swift */,
			);
			path = MyFavApp;
			sourceTree = "<group>";
		};
		8CF4A10A2CF049140081A76C /* MyFavAppTests */ = {
			isa = PBXGroup;
			children = (
				8CF4A10B2CF049140081A76C /* MyFavAppTests.swift */,
			);
			path = MyFavAppTests;
			sourceTree = "<group>";
		};
		8CF4A1142CF049140081A76C /* MyFavAppUITests */ = {
			isa = PBXGroup;
			children = (
				8CF4A1152CF049140081A76C /* MyFavAppUITests.swift */,
				8CF4A1172CF049140081A76C /* MyFavAppUITestsLaunchTests.swift */,
			);
			path = MyFavAppUITests;
			sourceTree = "<group>";
		};
/* End PBXGroup section */

/* Begin PBXNativeTarget section */
		8CF4A0F02CF049130081A76C /* MyFavApp */ = {
			isa = PBXNativeTarget;
			buildConfigurationList = 8CF4A11B2CF049140081A76C /* Build configuration list for PBXNativeTarget "MyFavApp" */;
			buildPhases = (
				8CF4A0ED2CF049130081A76C /* Sources */,
				8CF4A0EE2CF049130081A76C /* Frameworks */,
				8CF4A0EF2CF049130081A76C /* Resources */,
			);
			buildRules = (
			);
			dependencies = (
			);
			name = MyFavApp;
			productName = MyFavApp;
			productReference = 8CF4A0F12CF049130081A76C /* MyFavApp.app */;
			productType = "com.apple.product-type.application";
		};
		8CF4A1062CF049140081A76C /* MyFavAppTests */ = {
			isa = PBXNativeTarget;
			buildConfigurationList = 8CF4A11E2CF049140081A76C /* Build configuration list for PBXNativeTarget "MyFavAppTests" */;
			buildPhases = (
				8CF4A1032CF049140081A76C /* Sources */,
				8CF4A1042CF049140081A76C /* Frameworks */,
				8CF4A1052CF049140081A76C /* Resources */,
			);
			buildRules = (
			);
			dependencies = (
				8CF4A1092CF049140081A76C /* PBXTargetDependency */,
			);
			name = MyFavAppTests;
			productName = MyFavAppTests;
			productReference = 8CF4A1072CF049140081A76C /* MyFavAppTests.xctest */;
			productType = "com.apple.product-type.bundle.unit-test";
		};
		8CF4A1102CF049140081A76C /* MyFavAppUITests */ = {
			isa = PBXNativeTarget;
			buildConfigurationList = 8CF4A1212CF049140081A76C /* Build configuration list for PBXNativeTarget "MyFavAppUITests" */;
			buildPhases = (
				8CF4A10D2CF049140081A76C /* Sources */,
				8CF4A10E2CF049140081A76C /* Frameworks */,
				8CF4A10F2CF049140081A76C /* Resources */,
			);
			buildRules = (
			);
			dependencies = (
				8CF4A1132CF049140081A76C /* PBXTargetDependency */,
			);
			name = MyFavAppUITests;
			productName = MyFavAppUITests;
			productReference = 8CF4A1112CF049140081A76C /* MyFavAppUITests.xctest */;
			productType = "com.apple.product-type.bundle.ui-testing";
		};
/* End PBXNativeTarget section */

/* Begin PBXProject section */
		8CF4A0E92CF049130081A76C /* Project object */ = {
			isa = PBXProject;
			attributes = {
				BuildIndependentTargetsInParallel = 1;
				LastSwiftUpdateCheck = 1520;
				LastUpgradeCheck = 1520;
				TargetAttributes = {
					8CF4A0F02CF049130081A76C = {
						CreatedOnToolsVersion = 15.2;
					};
					8CF4A1062CF049140081A76C = {
						CreatedOnToolsVersion = 15.2;
						TestTargetID = 8CF4A0F02CF049130081A76C;
					};
					8CF4A1102CF049140081A76C = {
						CreatedOnToolsVersion = 15.2;
						TestTargetID = 8CF4A0F02CF049130081A76C;
					};
				};
			};
			buildConfigurationList = 8CF4A0EC2CF049130081A76C /* Build configuration list for PBXProject "MyFavApp" */;
			compatibilityVersion = "Xcode 14.0";
			developmentRegion = en;
			hasScannedForEncodings = 0;
			knownRegions = (
				en,
				Base,
			);
			mainGroup = 8CF4A0E82CF049130081A76C;
			productRefGroup = 8CF4A0F22CF049130081A76C /* Products */;
			projectDirPath = "";
			projectRoot = "";
			targets = (
				8CF4A0F02CF049130081A76C /* MyFavApp */,
				8CF4A1062CF049140081A76C /* MyFavAppTests */,
				8CF4A1102CF049140081A76C /* MyFavAppUITests */,
			);
		};
/* End PBXProject section */

/* Begin PBXResourcesBuildPhase section */
		8CF4A0EF2CF049130081A76C /* Resources */ = {
			isa = PBXResourcesBuildPhase;
			buildActionMask = 2147483647;
			files = (
				8CA5B3F52CF057040053F635 /* Main.storyboard in Resources */,
				8CF4A1012CF049140081A76C /* LaunchScreen.storyboard in Resources */,
				8CF4A0FE2CF049140081A76C /* Assets.xcassets in Resources */,
			);
			runOnlyForDeploymentPostprocessing = 0;
		};
		8CF4A1052CF049140081A76C /* Resources */ = {
			isa = PBXResourcesBuildPhase;
			buildActionMask = 2147483647;
			files = (
			);
			runOnlyForDeploymentPostprocessing = 0;
		};
		8CF4A10F2CF049140081A76C /* Resources */ = {
			isa = PBXResourcesBuildPhase;
			buildActionMask = 2147483647;
			files = (
			);
			runOnlyForDeploymentPostprocessing = 0;
		};
/* End PBXResourcesBuildPhase section */

/* Begin PBXSourcesBuildPhase section */
		8CF4A0ED2CF049130081A76C /* Sources */ = {
			isa = PBXSourcesBuildPhase;
			buildActionMask = 2147483647;
			files = (
				8CF4A0F92CF049130081A76C /* ViewController.swift in Sources */,
				8CF4A0F52CF049130081A76C /* AppDelegate.swift in Sources */,
				8CF4A1312CF050130081A76C /* FilmViewController.swift in Sources */,
				8CF4A12F2CF04D360081A76C /* DitailViewController.swift in Sources */,
				8CF4A1272CF04A120081A76C /* StructProtocol.swift in Sources */,
				8CF4A12D2CF04BD40081A76C /* BookViewController.swift in Sources */,
				8CF4A1332CF050CB0081A76C /* MusicViewController.swift in Sources */,
				8CF4A1292CF04AC20081A76C /* MyAppTableViewCell.swift in Sources */,
				8CF4A0F72CF049130081A76C /* SceneDelegate.swift in Sources */,
			);
			runOnlyForDeploymentPostprocessing = 0;
		};
		8CF4A1032CF049140081A76C /* Sources */ = {
			isa = PBXSourcesBuildPhase;
			buildActionMask = 2147483647;
			files = (
				8CF4A10C2CF049140081A76C /* MyFavAppTests.swift in Sources */,
			);
			runOnlyForDeploymentPostprocessing = 0;
		};
		8CF4A10D2CF049140081A76C /* Sources */ = {
			isa = PBXSourcesBuildPhase;
			buildActionMask = 2147483647;
			files = (
				8CF4A1182CF049140081A76C /* MyFavAppUITestsLaunchTests.swift in Sources */,
				8CF4A1162CF049140081A76C /* MyFavAppUITests.swift in Sources */,
			);
			runOnlyForDeploymentPostprocessing = 0;
		};
/* End PBXSourcesBuildPhase section */

/* Begin PBXTargetDependency section */
		8CF4A1092CF049140081A76C /* PBXTargetDependency */ = {
			isa = PBXTargetDependency;
			target = 8CF4A0F02CF049130081A76C /* MyFavApp */;
			targetProxy = 8CF4A1082CF049140081A76C /* PBXContainerItemProxy */;
		};
		8CF4A1132CF049140081A76C /* PBXTargetDependency */ = {
			isa = PBXTargetDependency;
			target = 8CF4A0F02CF049130081A76C /* MyFavApp */;
			targetProxy = 8CF4A1122CF049140081A76C /* PBXContainerItemProxy */;
		};
/* End PBXTargetDependency section */

/* Begin PBXVariantGroup section */
		8CA5B3F32CF057040053F635 /* Main.storyboard */ = {
			isa = PBXVariantGroup;
			children = (
				8CA5B3F42CF057040053F635 /* Base */,
			);
			name = Main.storyboard;
			sourceTree = "<group>";
		};
		8CF4A0FF2CF049140081A76C /* LaunchScreen.storyboard */ = {
			isa = PBXVariantGroup;
			children = (
				8CF4A1002CF049140081A76C /* Base */,
			);
			name = LaunchScreen.storyboard;
			sourceTree = "<group>";
		};
/* End PBXVariantGroup section */

/* Begin XCBuildConfiguration section */
		8CF4A1192CF049140081A76C /* Debug */ = {
			isa = XCBuildConfiguration;
			buildSettings = {
				ALWAYS_SEARCH_USER_PATHS = NO;
				ASSETCATALOG_COMPILER_GENERATE_SWIFT_ASSET_SYMBOL_EXTENSIONS = YES;
				CLANG_ANALYZER_NONNULL = YES;
				CLANG_ANALYZER_NUMBER_OBJECT_CONVERSION = YES_AGGRESSIVE;
				CLANG_CXX_LANGUAGE_STANDARD = "gnu++20";
				CLANG_ENABLE_MODULES = YES;
				CLANG_ENABLE_OBJC_ARC = YES;
				CLANG_ENABLE_OBJC_WEAK = YES;
				CLANG_WARN_BLOCK_CAPTURE_AUTORELEASING = YES;
				CLANG_WARN_BOOL_CONVERSION = YES;
				CLANG_WARN_COMMA = YES;
				CLANG_WARN_CONSTANT_CONVERSION = YES;
				CLANG_WARN_DEPRECATED_OBJC_IMPLEMENTATIONS = YES;
				CLANG_WARN_DIRECT_OBJC_ISA_USAGE = YES_ERROR;
				CLANG_WARN_DOCUMENTATION_COMMENTS = YES;
				CLANG_WARN_EMPTY_BODY = YES;
				CLANG_WARN_ENUM_CONVERSION = YES;
				CLANG_WARN_INFINITE_RECURSION = YES;
				CLANG_WARN_INT_CONVERSION = YES;
				CLANG_WARN_NON_LITERAL_NULL_CONVERSION = YES;
				CLANG_WARN_OBJC_IMPLICIT_RETAIN_SELF = YES;
				CLANG_WARN_OBJC_LITERAL_CONVERSION = YES;
				CLANG_WARN_OBJC_ROOT_CLASS = YES_ERROR;
				CLANG_WARN_QUOTED_INCLUDE_IN_FRAMEWORK_HEADER = YES;
				CLANG_WARN_RANGE_LOOP_ANALYSIS = YES;
				CLANG_WARN_STRICT_PROTOTYPES = YES;
				CLANG_WARN_SUSPICIOUS_MOVE = YES;
				CLANG_WARN_UNGUARDED_AVAILABILITY = YES_AGGRESSIVE;
				CLANG_WARN_UNREACHABLE_CODE = YES;
				CLANG_WARN__DUPLICATE_METHOD_MATCH = YES;
				COPY_PHASE_STRIP = NO;
				DEBUG_INFORMATION_FORMAT = dwarf;
				ENABLE_STRICT_OBJC_MSGSEND = YES;
				ENABLE_TESTABILITY = YES;
				ENABLE_USER_SCRIPT_SANDBOXING = YES;
				GCC_C_LANGUAGE_STANDARD = gnu17;
				GCC_DYNAMIC_NO_PIC = NO;
				GCC_NO_COMMON_BLOCKS = YES;
				GCC_OPTIMIZATION_LEVEL = 0;
				GCC_PREPROCESSOR_DEFINITIONS = (
					"DEBUG=1",
					"$(inherited)",
				);
				GCC_WARN_64_TO_32_BIT_CONVERSION = YES;
				GCC_WARN_ABOUT_RETURN_TYPE = YES_ERROR;
				GCC_WARN_UNDECLARED_SELECTOR = YES;
				GCC_WARN_UNINITIALIZED_AUTOS = YES_AGGRESSIVE;
				GCC_WARN_UNUSED_FUNCTION = YES;
				GCC_WARN_UNUSED_VARIABLE = YES;
				IPHONEOS_DEPLOYMENT_TARGET = 17.2;
				LOCALIZATION_PREFERS_STRING_CATALOGS = YES;
				MTL_ENABLE_DEBUG_INFO = INCLUDE_SOURCE;
				MTL_FAST_MATH = YES;
				ONLY_ACTIVE_ARCH = YES;
				SDKROOT = iphoneos;
				SWIFT_ACTIVE_COMPILATION_CONDITIONS = "DEBUG $(inherited)";
				SWIFT_OPTIMIZATION_LEVEL = "-Onone";
			};
			name = Debug;
		};
		8CF4A11A2CF049140081A76C /* Release */ = {
			isa = XCBuildConfiguration;
			buildSettings = {
				ALWAYS_SEARCH_USER_PATHS = NO;
				ASSETCATALOG_COMPILER_GENERATE_SWIFT_ASSET_SYMBOL_EXTENSIONS = YES;
				CLANG_ANALYZER_NONNULL = YES;
				CLANG_ANALYZER_NUMBER_OBJECT_CONVERSION = YES_AGGRESSIVE;
				CLANG_CXX_LANGUAGE_STANDARD = "gnu++20";
				CLANG_ENABLE_MODULES = YES;
				CLANG_ENABLE_OBJC_ARC = YES;
				CLANG_ENABLE_OBJC_WEAK = YES;
				CLANG_WARN_BLOCK_CAPTURE_AUTORELEASING = YES;
				CLANG_WARN_BOOL_CONVERSION = YES;
				CLANG_WARN_COMMA = YES;
				CLANG_WARN_CONSTANT_CONVERSION = YES;
				CLANG_WARN_DEPRECATED_OBJC_IMPLEMENTATIONS = YES;
				CLANG_WARN_DIRECT_OBJC_ISA_USAGE = YES_ERROR;
				CLANG_WARN_DOCUMENTATION_COMMENTS = YES;
				CLANG_WARN_EMPTY_BODY = YES;
				CLANG_WARN_ENUM_CONVERSION = YES;
				CLANG_WARN_INFINITE_RECURSION = YES;
				CLANG_WARN_INT_CONVERSION = YES;
				CLANG_WARN_NON_LITERAL_NULL_CONVERSION = YES;
				CLANG_WARN_OBJC_IMPLICIT_RETAIN_SELF = YES;
				CLANG_WARN_OBJC_LITERAL_CONVERSION = YES;
				CLANG_WARN_OBJC_ROOT_CLASS = YES_ERROR;
				CLANG_WARN_QUOTED_INCLUDE_IN_FRAMEWORK_HEADER = YES;
				CLANG_WARN_RANGE_LOOP_ANALYSIS = YES;
				CLANG_WARN_STRICT_PROTOTYPES = YES;
				CLANG_WARN_SUSPICIOUS_MOVE = YES;
				CLANG_WARN_UNGUARDED_AVAILABILITY = YES_AGGRESSIVE;
				CLANG_WARN_UNREACHABLE_CODE = YES;
				CLANG_WARN__DUPLICATE_METHOD_MATCH = YES;
				COPY_PHASE_STRIP = NO;
				DEBUG_INFORMATION_FORMAT = "dwarf-with-dsym";
				ENABLE_NS_ASSERTIONS = NO;
				ENABLE_STRICT_OBJC_MSGSEND = YES;
				ENABLE_USER_SCRIPT_SANDBOXING = YES;
				GCC_C_LANGUAGE_STANDARD = gnu17;
				GCC_NO_COMMON_BLOCKS = YES;
				GCC_WARN_64_TO_32_BIT_CONVERSION = YES;
				GCC_WARN_ABOUT_RETURN_TYPE = YES_ERROR;
				GCC_WARN_UNDECLARED_SELECTOR = YES;
				GCC_WARN_UNINITIALIZED_AUTOS = YES_AGGRESSIVE;
				GCC_WARN_UNUSED_FUNCTION = YES;
				GCC_WARN_UNUSED_VARIABLE = YES;
				IPHONEOS_DEPLOYMENT_TARGET = 17.2;
				LOCALIZATION_PREFERS_STRING_CATALOGS = YES;
				MTL_ENABLE_DEBUG_INFO = NO;
				MTL_FAST_MATH = YES;
				SDKROOT = iphoneos;
				SWIFT_COMPILATION_MODE = wholemodule;
				VALIDATE_PRODUCT = YES;
			};
			name = Release;
		};
		8CF4A11C2CF049140081A76C /* Debug */ = {
			isa = XCBuildConfiguration;
			buildSettings = {
				ASSETCATALOG_COMPILER_APPICON_NAME = AppIcon;
				ASSETCATALOG_COMPILER_GLOBAL_ACCENT_COLOR_NAME = AccentColor;
				CODE_SIGN_STYLE = Automatic;
				CURRENT_PROJECT_VERSION = 1;
				DEVELOPMENT_TEAM = 6PGX42V9KX;
				GENERATE_INFOPLIST_FILE = YES;
				INFOPLIST_FILE = MyFavApp/Info.plist;
				INFOPLIST_KEY_UIApplicationSupportsIndirectInputEvents = YES;
				INFOPLIST_KEY_UILaunchStoryboardName = LaunchScreen;
				INFOPLIST_KEY_UIMainStoryboardFile = Main;
				INFOPLIST_KEY_UISupportedInterfaceOrientations_iPad = "UIInterfaceOrientationPortrait UIInterfaceOrientationPortraitUpsideDown UIInterfaceOrientationLandscapeLeft UIInterfaceOrientationLandscapeRight";
				INFOPLIST_KEY_UISupportedInterfaceOrientations_iPhone = "UIInterfaceOrientationPortrait UIInterfaceOrientationLandscapeLeft UIInterfaceOrientationLandscapeRight";
				LD_RUNPATH_SEARCH_PATHS = (
					"$(inherited)",
					"@executable_path/Frameworks",
				);
				MARKETING_VERSION = 1.0;
				PRODUCT_BUNDLE_IDENTIFIER = "-23.MyFavApp";
				PRODUCT_NAME = "$(TARGET_NAME)";
				SWIFT_EMIT_LOC_STRINGS = YES;
				SWIFT_VERSION = 5.0;
				TARGETED_DEVICE_FAMILY = "1,2";
			};
			name = Debug;
		};
		8CF4A11D2CF049140081A76C /* Release */ = {
			isa = XCBuildConfiguration;
			buildSettings = {
				ASSETCATALOG_COMPILER_APPICON_NAME = AppIcon;
				ASSETCATALOG_COMPILER_GLOBAL_ACCENT_COLOR_NAME = AccentColor;
				CODE_SIGN_STYLE = Automatic;
				CURRENT_PROJECT_VERSION = 1;
				DEVELOPMENT_TEAM = 6PGX42V9KX;
				GENERATE_INFOPLIST_FILE = YES;
				INFOPLIST_FILE = MyFavApp/Info.plist;
				INFOPLIST_KEY_UIApplicationSupportsIndirectInputEvents = YES;
				INFOPLIST_KEY_UILaunchStoryboardName = LaunchScreen;
				INFOPLIST_KEY_UIMainStoryboardFile = Main;
				INFOPLIST_KEY_UISupportedInterfaceOrientations_iPad = "UIInterfaceOrientationPortrait UIInterfaceOrientationPortraitUpsideDown UIInterfaceOrientationLandscapeLeft UIInterfaceOrientationLandscapeRight";
				INFOPLIST_KEY_UISupportedInterfaceOrientations_iPhone = "UIInterfaceOrientationPortrait UIInterfaceOrientationLandscapeLeft UIInterfaceOrientationLandscapeRight";
				LD_RUNPATH_SEARCH_PATHS = (
					"$(inherited)",
					"@executable_path/Frameworks",
				);
				MARKETING_VERSION = 1.0;
				PRODUCT_BUNDLE_IDENTIFIER = "-23.MyFavApp";
				PRODUCT_NAME = "$(TARGET_NAME)";
				SWIFT_EMIT_LOC_STRINGS = YES;
				SWIFT_VERSION = 5.0;
				TARGETED_DEVICE_FAMILY = "1,2";
			};
			name = Release;
		};
		8CF4A11F2CF049140081A76C /* Debug */ = {
			isa = XCBuildConfiguration;
			buildSettings = {
				ALWAYS_EMBED_SWIFT_STANDARD_LIBRARIES = YES;
				BUNDLE_LOADER = "$(TEST_HOST)";
				CODE_SIGN_STYLE = Automatic;
				CURRENT_PROJECT_VERSION = 1;
				DEVELOPMENT_TEAM = 6PGX42V9KX;
				GENERATE_INFOPLIST_FILE = YES;
				IPHONEOS_DEPLOYMENT_TARGET = 17.2;
				MARKETING_VERSION = 1.0;
				PRODUCT_BUNDLE_IDENTIFIER = "-23.MyFavAppTests";
				PRODUCT_NAME = "$(TARGET_NAME)";
				SWIFT_EMIT_LOC_STRINGS = NO;
				SWIFT_VERSION = 5.0;
				TARGETED_DEVICE_FAMILY = "1,2";
				TEST_HOST = "$(BUILT_PRODUCTS_DIR)/MyFavApp.app/$(BUNDLE_EXECUTABLE_FOLDER_PATH)/MyFavApp";
			};
			name = Debug;
		};
		8CF4A1202CF049140081A76C /* Release */ = {
			isa = XCBuildConfiguration;
			buildSettings = {
				ALWAYS_EMBED_SWIFT_STANDARD_LIBRARIES = YES;
				BUNDLE_LOADER = "$(TEST_HOST)";
				CODE_SIGN_STYLE = Automatic;
				CURRENT_PROJECT_VERSION = 1;
				DEVELOPMENT_TEAM = 6PGX42V9KX;
				GENERATE_INFOPLIST_FILE = YES;
				IPHONEOS_DEPLOYMENT_TARGET = 17.2;
				MARKETING_VERSION = 1.0;
				PRODUCT_BUNDLE_IDENTIFIER = "-23.MyFavAppTests";
				PRODUCT_NAME = "$(TARGET_NAME)";
				SWIFT_EMIT_LOC_STRINGS = NO;
				SWIFT_VERSION = 5.0;
				TARGETED_DEVICE_FAMILY = "1,2";
				TEST_HOST = "$(BUILT_PRODUCTS_DIR)/MyFavApp.app/$(BUNDLE_EXECUTABLE_FOLDER_PATH)/MyFavApp";
			};
			name = Release;
		};
		8CF4A1222CF049140081A76C /* Debug */ = {
			isa = XCBuildConfiguration;
			buildSettings = {
				ALWAYS_EMBED_SWIFT_STANDARD_LIBRARIES = YES;
				CODE_SIGN_STYLE = Automatic;
				CURRENT_PROJECT_VERSION = 1;
				DEVELOPMENT_TEAM = 6PGX42V9KX;
				GENERATE_INFOPLIST_FILE = YES;
				MARKETING_VERSION = 1.0;
				PRODUCT_BUNDLE_IDENTIFIER = "-23.MyFavAppUITests";
				PRODUCT_NAME = "$(TARGET_NAME)";
				SWIFT_EMIT_LOC_STRINGS = NO;
				SWIFT_VERSION = 5.0;
				TARGETED_DEVICE_FAMILY = "1,2";
				TEST_TARGET_NAME = MyFavApp;
			};
			name = Debug;
		};
		8CF4A1232CF049140081A76C /* Release */ = {
			isa = XCBuildConfiguration;
			buildSettings = {
				ALWAYS_EMBED_SWIFT_STANDARD_LIBRARIES = YES;
				CODE_SIGN_STYLE = Automatic;
				CURRENT_PROJECT_VERSION = 1;
				DEVELOPMENT_TEAM = 6PGX42V9KX;
				GENERATE_INFOPLIST_FILE = YES;
				MARKETING_VERSION = 1.0;
				PRODUCT_BUNDLE_IDENTIFIER = "-23.MyFavAppUITests";
				PRODUCT_NAME = "$(TARGET_NAME)";
				SWIFT_EMIT_LOC_STRINGS = NO;
				SWIFT_VERSION = 5.0;
				TARGETED_DEVICE_FAMILY = "1,2";
				TEST_TARGET_NAME = MyFavApp;
			};
			name = Release;
		};
/* End XCBuildConfiguration section */

/* Begin XCConfigurationList section */
		8CF4A0EC2CF049130081A76C /* Build configuration list for PBXProject "MyFavApp" */ = {
			isa = XCConfigurationList;
			buildConfigurations = (
				8CF4A1192CF049140081A76C /* Debug */,
				8CF4A11A2CF049140081A76C /* Release */,
			);
			defaultConfigurationIsVisible = 0;
			defaultConfigurationName = Release;
		};
		8CF4A11B2CF049140081A76C /* Build configuration list for PBXNativeTarget "MyFavApp" */ = {
			isa = XCConfigurationList;
			buildConfigurations = (
				8CF4A11C2CF049140081A76C /* Debug */,
				8CF4A11D2CF049140081A76C /* Release */,
			);
			defaultConfigurationIsVisible = 0;
			defaultConfigurationName = Release;
		};
		8CF4A11E2CF049140081A76C /* Build configuration list for PBXNativeTarget "MyFavAppTests" */ = {
			isa = XCConfigurationList;
			buildConfigurations = (
				8CF4A11F2CF049140081A76C /* Debug */,
				8CF4A1202CF049140081A76C /* Release */,
			);
			defaultConfigurationIsVisible = 0;
			defaultConfigurationName = Release;
		};
		8CF4A1212CF049140081A76C /* Build configuration list for PBXNativeTarget "MyFavAppUITests" */ = {
			isa = XCConfigurationList;
			buildConfigurations = (
				8CF4A1222CF049140081A76C /* Debug */,
				8CF4A1232CF049140081A76C /* Release */,
			);
			defaultConfigurationIsVisible = 0;
			defaultConfigurationName = Release;
		};
/* End XCConfigurationList section */
	};
	rootObject = 8CF4A0E92CF049130081A76C /* Project object */;
}
